// !$*UTF8*$!
{
	archiveVersion = 1;
	classes = {
	};
	objectVersion = 50;
	objects = {

/* Begin PBXBuildFile section */
		65110C8F220D208B00B3378D /* InteractionPanToClose.swift in Sources */ = {isa = PBXBuildFile; fileRef = 65110C8E220D208B00B3378D /* InteractionPanToClose.swift */; };
		6514DB7F21F56FEE00E9925C /* SectionViewController.swift in Sources */ = {isa = PBXBuildFile; fileRef = 6514DB7E21F56FEE00E9925C /* SectionViewController.swift */; };
		6514DB8121F5758000E9925C /* HomeViewControllerExtensions.swift in Sources */ = {isa = PBXBuildFile; fileRef = 6514DB8021F5758000E9925C /* HomeViewControllerExtensions.swift */; };
		6514DB8321F6BCF600E9925C /* Data.swift in Sources */ = {isa = PBXBuildFile; fileRef = 6514DB8221F6BCF600E9925C /* Data.swift */; };
		6514DB8521F6BDC200E9925C /* SectionCollectionViewCell.swift in Sources */ = {isa = PBXBuildFile; fileRef = 6514DB8421F6BDC200E9925C /* SectionCollectionViewCell.swift */; };
		6542AE4021F81E3B008F3E48 /* TestimonialViewController.swift in Sources */ = {isa = PBXBuildFile; fileRef = 6542AE3F21F81E3B008F3E48 /* TestimonialViewController.swift */; };
		6542AE4221F81E77008F3E48 /* TestimonialCollectionViewCell.swift in Sources */ = {isa = PBXBuildFile; fileRef = 6542AE4121F81E77008F3E48 /* TestimonialCollectionViewCell.swift */; };
		6561268C21FE51D9008EBBDE /* ChaptersViewController.swift in Sources */ = {isa = PBXBuildFile; fileRef = 6561268B21FE51D9008EBBDE /* ChaptersViewController.swift */; };
		6561268E21FE5250008EBBDE /* ChaptersViewControllerExtensions.swift in Sources */ = {isa = PBXBuildFile; fileRef = 6561268D21FE5250008EBBDE /* ChaptersViewControllerExtensions.swift */; };
		6561269021FE55C6008EBBDE /* Constants.swift in Sources */ = {isa = PBXBuildFile; fileRef = 6561268F21FE55C6008EBBDE /* Constants.swift */; };
		65612698220013BA008EBBDE /* BookmarksTableTableViewController.swift in Sources */ = {isa = PBXBuildFile; fileRef = 65612697220013BA008EBBDE /* BookmarksTableTableViewController.swift */; };
		6561269A220019D5008EBBDE /* BookmarkTableViewCell.swift in Sources */ = {isa = PBXBuildFile; fileRef = 65612699220019D5008EBBDE /* BookmarkTableViewCell.swift */; };
		6561269C22066FA8008EBBDE /* WebViewController.swift in Sources */ = {isa = PBXBuildFile; fileRef = 6561269B22066FA8008EBBDE /* WebViewController.swift */; };
		6561269E22067291008EBBDE /* MoreViewController.swift in Sources */ = {isa = PBXBuildFile; fileRef = 6561269D22067291008EBBDE /* MoreViewController.swift */; };
		656126A122077839008EBBDE /* UIViewControllerExtensions.swift in Sources */ = {isa = PBXBuildFile; fileRef = 656126A022077839008EBBDE /* UIViewControllerExtensions.swift */; };
		656126A322077A90008EBBDE /* PresentSectionViewController.swift in Sources */ = {isa = PBXBuildFile; fileRef = 656126A222077A90008EBBDE /* PresentSectionViewController.swift */; };
		65B6FE7721ED97D30008D506 /* AppDelegate.swift in Sources */ = {isa = PBXBuildFile; fileRef = 65B6FE7621ED97D30008D506 /* AppDelegate.swift */; };
		65B6FE7921ED97D30008D506 /* HomeViewController.swift in Sources */ = {isa = PBXBuildFile; fileRef = 65B6FE7821ED97D30008D506 /* HomeViewController.swift */; };
		65B6FE7C21ED97D30008D506 /* Main.storyboard in Resources */ = {isa = PBXBuildFile; fileRef = 65B6FE7A21ED97D30008D506 /* Main.storyboard */; };
		65B6FE7E21ED97D50008D506 /* Assets.xcassets in Resources */ = {isa = PBXBuildFile; fileRef = 65B6FE7D21ED97D50008D506 /* Assets.xcassets */; };
		65B6FE8121ED97D50008D506 /* LaunchScreen.storyboard in Resources */ = {isa = PBXBuildFile; fileRef = 65B6FE7F21ED97D50008D506 /* LaunchScreen.storyboard */; };
		65BB6AAC220D268B00BB7D3D /* PurchaseViewController.swift in Sources */ = {isa = PBXBuildFile; fileRef = 65BB6AAB220D268B00BB7D3D /* PurchaseViewController.swift */; };
		65BB6AAE220D2B3000BB7D3D /* InteractionPanToCloseExtensions.swift in Sources */ = {isa = PBXBuildFile; fileRef = 65BB6AAD220D2B3000BB7D3D /* InteractionPanToCloseExtensions.swift */; };
		65BB6AB0220D5A2500BB7D3D /* DiscountViewController.swift in Sources */ = {isa = PBXBuildFile; fileRef = 65BB6AAF220D5A2500BB7D3D /* DiscountViewController.swift */; };
		65BB6AB2220D5AD200BB7D3D /* UILabel+Inspectable.swift in Sources */ = {isa = PBXBuildFile; fileRef = 65BB6AB1220D5AD200BB7D3D /* UILabel+Inspectable.swift */; };
		65BB6AB4220F74E100BB7D3D /* LoginViewController.swift in Sources */ = {isa = PBXBuildFile; fileRef = 65BB6AB3220F74E100BB7D3D /* LoginViewController.swift */; };
		65BB6AB62210B88900BB7D3D /* UILabel+Animate.swift in Sources */ = {isa = PBXBuildFile; fileRef = 65BB6AB52210B88900BB7D3D /* UILabel+Animate.swift */; };
		65BB6AB82210C74F00BB7D3D /* ExerciseTableViewCell.swift in Sources */ = {isa = PBXBuildFile; fileRef = 65BB6AB72210C74F00BB7D3D /* ExerciseTableViewCell.swift */; };
		65BB6ABA2210C97500BB7D3D /* ExerciseTableViewController.swift in Sources */ = {isa = PBXBuildFile; fileRef = 65BB6AB92210C97500BB7D3D /* ExerciseTableViewController.swift */; };
		65BB6ABC2210D0E500BB7D3D /* ExerciseDialogViewController.swift in Sources */ = {isa = PBXBuildFile; fileRef = 65BB6ABB2210D0E500BB7D3D /* ExerciseDialogViewController.swift */; };
		65BB6ABF2210DB8600BB7D3D /* ExerciseTableViewCellExtensions.swift in Sources */ = {isa = PBXBuildFile; fileRef = 65BB6ABE2210DB8600BB7D3D /* ExerciseTableViewCellExtensions.swift */; };
		FEE08D56C4241FDAABCA3C52 /* Pods_DesignCode.framework in Frameworks */ = {isa = PBXBuildFile; fileRef = 5C1A3E19B568C95CF198A531 /* Pods_DesignCode.framework */; };
/* End PBXBuildFile section */

/* Begin PBXFileReference section */
		5C1A3E19B568C95CF198A531 /* Pods_DesignCode.framework */ = {isa = PBXFileReference; explicitFileType = wrapper.framework; includeInIndex = 0; path = Pods_DesignCode.framework; sourceTree = BUILT_PRODUCTS_DIR; };
		65110C8E220D208B00B3378D /* InteractionPanToClose.swift */ = {isa = PBXFileReference; lastKnownFileType = sourcecode.swift; path = InteractionPanToClose.swift; sourceTree = "<group>"; };
		6514DB7E21F56FEE00E9925C /* SectionViewController.swift */ = {isa = PBXFileReference; lastKnownFileType = sourcecode.swift; path = SectionViewController.swift; sourceTree = "<group>"; };
		6514DB8021F5758000E9925C /* HomeViewControllerExtensions.swift */ = {isa = PBXFileReference; lastKnownFileType = sourcecode.swift; path = HomeViewControllerExtensions.swift; sourceTree = "<group>"; };
		6514DB8221F6BCF600E9925C /* Data.swift */ = {isa = PBXFileReference; lastKnownFileType = sourcecode.swift; path = Data.swift; sourceTree = "<group>"; };
		6514DB8421F6BDC200E9925C /* SectionCollectionViewCell.swift */ = {isa = PBXFileReference; lastKnownFileType = sourcecode.swift; path = SectionCollectionViewCell.swift; sourceTree = "<group>"; };
		6542AE3F21F81E3B008F3E48 /* TestimonialViewController.swift */ = {isa = PBXFileReference; lastKnownFileType = sourcecode.swift; path = TestimonialViewController.swift; sourceTree = "<group>"; };
		6542AE4121F81E77008F3E48 /* TestimonialCollectionViewCell.swift */ = {isa = PBXFileReference; lastKnownFileType = sourcecode.swift; path = TestimonialCollectionViewCell.swift; sourceTree = "<group>"; };
		6561268B21FE51D9008EBBDE /* ChaptersViewController.swift */ = {isa = PBXFileReference; lastKnownFileType = sourcecode.swift; path = ChaptersViewController.swift; sourceTree = "<group>"; };
		6561268D21FE5250008EBBDE /* ChaptersViewControllerExtensions.swift */ = {isa = PBXFileReference; lastKnownFileType = sourcecode.swift; path = ChaptersViewControllerExtensions.swift; sourceTree = "<group>"; };
		6561268F21FE55C6008EBBDE /* Constants.swift */ = {isa = PBXFileReference; lastKnownFileType = sourcecode.swift; path = Constants.swift; sourceTree = "<group>"; };
		65612697220013BA008EBBDE /* BookmarksTableTableViewController.swift */ = {isa = PBXFileReference; lastKnownFileType = sourcecode.swift; path = BookmarksTableTableViewController.swift; sourceTree = "<group>"; };
		65612699220019D5008EBBDE /* BookmarkTableViewCell.swift */ = {isa = PBXFileReference; lastKnownFileType = sourcecode.swift; path = BookmarkTableViewCell.swift; sourceTree = "<group>"; };
		6561269B22066FA8008EBBDE /* WebViewController.swift */ = {isa = PBXFileReference; lastKnownFileType = sourcecode.swift; path = WebViewController.swift; sourceTree = "<group>"; };
		6561269D22067291008EBBDE /* MoreViewController.swift */ = {isa = PBXFileReference; lastKnownFileType = sourcecode.swift; path = MoreViewController.swift; sourceTree = "<group>"; };
		656126A022077839008EBBDE /* UIViewControllerExtensions.swift */ = {isa = PBXFileReference; lastKnownFileType = sourcecode.swift; path = UIViewControllerExtensions.swift; sourceTree = "<group>"; };
		656126A222077A90008EBBDE /* PresentSectionViewController.swift */ = {isa = PBXFileReference; lastKnownFileType = sourcecode.swift; path = PresentSectionViewController.swift; sourceTree = "<group>"; };
		65B6FE7321ED97D30008D506 /* DesignCode.app */ = {isa = PBXFileReference; explicitFileType = wrapper.application; includeInIndex = 0; path = DesignCode.app; sourceTree = BUILT_PRODUCTS_DIR; };
		65B6FE7621ED97D30008D506 /* AppDelegate.swift */ = {isa = PBXFileReference; lastKnownFileType = sourcecode.swift; path = AppDelegate.swift; sourceTree = "<group>"; };
		65B6FE7821ED97D30008D506 /* HomeViewController.swift */ = {isa = PBXFileReference; lastKnownFileType = sourcecode.swift; path = HomeViewController.swift; sourceTree = "<group>"; };
		65B6FE7B21ED97D30008D506 /* Base */ = {isa = PBXFileReference; lastKnownFileType = file.storyboard; name = Base; path = Base.lproj/Main.storyboard; sourceTree = "<group>"; };
		65B6FE7D21ED97D50008D506 /* Assets.xcassets */ = {isa = PBXFileReference; lastKnownFileType = folder.assetcatalog; path = Assets.xcassets; sourceTree = "<group>"; };
		65B6FE8021ED97D50008D506 /* Base */ = {isa = PBXFileReference; lastKnownFileType = file.storyboard; name = Base; path = Base.lproj/LaunchScreen.storyboard; sourceTree = "<group>"; };
		65B6FE8221ED97D50008D506 /* Info.plist */ = {isa = PBXFileReference; lastKnownFileType = text.plist.xml; path = Info.plist; sourceTree = "<group>"; };
		65BB6AAB220D268B00BB7D3D /* PurchaseViewController.swift */ = {isa = PBXFileReference; lastKnownFileType = sourcecode.swift; path = PurchaseViewController.swift; sourceTree = "<group>"; };
		65BB6AAD220D2B3000BB7D3D /* InteractionPanToCloseExtensions.swift */ = {isa = PBXFileReference; lastKnownFileType = sourcecode.swift; path = InteractionPanToCloseExtensions.swift; sourceTree = "<group>"; };
		65BB6AAF220D5A2500BB7D3D /* DiscountViewController.swift */ = {isa = PBXFileReference; lastKnownFileType = sourcecode.swift; path = DiscountViewController.swift; sourceTree = "<group>"; };
		65BB6AB1220D5AD200BB7D3D /* UILabel+Inspectable.swift */ = {isa = PBXFileReference; lastKnownFileType = sourcecode.swift; path = "UILabel+Inspectable.swift"; sourceTree = "<group>"; };
		65BB6AB3220F74E100BB7D3D /* LoginViewController.swift */ = {isa = PBXFileReference; lastKnownFileType = sourcecode.swift; path = LoginViewController.swift; sourceTree = "<group>"; };
		65BB6AB52210B88900BB7D3D /* UILabel+Animate.swift */ = {isa = PBXFileReference; lastKnownFileType = sourcecode.swift; path = "UILabel+Animate.swift"; sourceTree = "<group>"; };
		65BB6AB72210C74F00BB7D3D /* ExerciseTableViewCell.swift */ = {isa = PBXFileReference; lastKnownFileType = sourcecode.swift; path = ExerciseTableViewCell.swift; sourceTree = "<group>"; };
		65BB6AB92210C97500BB7D3D /* ExerciseTableViewController.swift */ = {isa = PBXFileReference; lastKnownFileType = sourcecode.swift; path = ExerciseTableViewController.swift; sourceTree = "<group>"; };
		65BB6ABB2210D0E500BB7D3D /* ExerciseDialogViewController.swift */ = {isa = PBXFileReference; lastKnownFileType = sourcecode.swift; path = ExerciseDialogViewController.swift; sourceTree = "<group>"; };
		65BB6ABE2210DB8600BB7D3D /* ExerciseTableViewCellExtensions.swift */ = {isa = PBXFileReference; lastKnownFileType = sourcecode.swift; path = ExerciseTableViewCellExtensions.swift; sourceTree = "<group>"; };
		85A855F412523C0890C70CC0 /* Pods-DesignCode.release.xcconfig */ = {isa = PBXFileReference; includeInIndex = 1; lastKnownFileType = text.xcconfig; name = "Pods-DesignCode.release.xcconfig"; path = "Pods/Target Support Files/Pods-DesignCode/Pods-DesignCode.release.xcconfig"; sourceTree = "<group>"; };
		AE0D3C6007DCFCDF32FC63AF /* Pods-DesignCode.debug.xcconfig */ = {isa = PBXFileReference; includeInIndex = 1; lastKnownFileType = text.xcconfig; name = "Pods-DesignCode.debug.xcconfig"; path = "Pods/Target Support Files/Pods-DesignCode/Pods-DesignCode.debug.xcconfig"; sourceTree = "<group>"; };
/* End PBXFileReference section */

/* Begin PBXFrameworksBuildPhase section */
		65B6FE7021ED97D30008D506 /* Frameworks */ = {
			isa = PBXFrameworksBuildPhase;
			buildActionMask = 2147483647;
			files = (
				FEE08D56C4241FDAABCA3C52 /* Pods_DesignCode.framework in Frameworks */,
			);
			runOnlyForDeploymentPostprocessing = 0;
		};
/* End PBXFrameworksBuildPhase section */

/* Begin PBXGroup section */
		08E2FF0A067379C498B5CBFD /* Frameworks */ = {
			isa = PBXGroup;
			children = (
				5C1A3E19B568C95CF198A531 /* Pods_DesignCode.framework */,
			);
			name = Frameworks;
			sourceTree = "<group>";
		};
		6561269121FE56C5008EBBDE /* Constants */ = {
			isa = PBXGroup;
			children = (
				6561268F21FE55C6008EBBDE /* Constants.swift */,
			);
			path = Constants;
			sourceTree = "<group>";
		};
		6561269321FE56E1008EBBDE /* Controllers */ = {
			isa = PBXGroup;
			children = (
				65110C8E220D208B00B3378D /* InteractionPanToClose.swift */,
				656126A222077A90008EBBDE /* PresentSectionViewController.swift */,
				65BB6AAB220D268B00BB7D3D /* PurchaseViewController.swift */,
				6561269B22066FA8008EBBDE /* WebViewController.swift */,
				65B6FE7821ED97D30008D506 /* HomeViewController.swift */,
				6561268B21FE51D9008EBBDE /* ChaptersViewController.swift */,
				6514DB7E21F56FEE00E9925C /* SectionViewController.swift */,
				6542AE3F21F81E3B008F3E48 /* TestimonialViewController.swift */,
				65612697220013BA008EBBDE /* BookmarksTableTableViewController.swift */,
				6561269D22067291008EBBDE /* MoreViewController.swift */,
				65BB6AAF220D5A2500BB7D3D /* DiscountViewController.swift */,
				65BB6AB92210C97500BB7D3D /* ExerciseTableViewController.swift */,
				65BB6ABB2210D0E500BB7D3D /* ExerciseDialogViewController.swift */,
			);
			path = Controllers;
			sourceTree = "<group>";
		};
		6561269421FE5708008EBBDE /* ControllerExtensions */ = {
			isa = PBXGroup;
			children = (
				6514DB8021F5758000E9925C /* HomeViewControllerExtensions.swift */,
				6561268D21FE5250008EBBDE /* ChaptersViewControllerExtensions.swift */,
			);
			path = ControllerExtensions;
			sourceTree = "<group>";
		};
		6561269521FE5722008EBBDE /* Views */ = {
			isa = PBXGroup;
			children = (
				6542AE4121F81E77008F3E48 /* TestimonialCollectionViewCell.swift */,
				6514DB8421F6BDC200E9925C /* SectionCollectionViewCell.swift */,
				65612699220019D5008EBBDE /* BookmarkTableViewCell.swift */,
				65BB6AB72210C74F00BB7D3D /* ExerciseTableViewCell.swift */,
			);
			path = Views;
			sourceTree = "<group>";
		};
		6561269621FE5897008EBBDE /* SeedData */ = {
			isa = PBXGroup;
			children = (
				6514DB8221F6BCF600E9925C /* Data.swift */,
			);
			path = SeedData;
			sourceTree = "<group>";
		};
		6561269F2207780B008EBBDE /* ClassExtensions */ = {
			isa = PBXGroup;
			children = (
				65BB6AB1220D5AD200BB7D3D /* UILabel+Inspectable.swift */,
				65BB6AB52210B88900BB7D3D /* UILabel+Animate.swift */,
				65BB6AAD220D2B3000BB7D3D /* InteractionPanToCloseExtensions.swift */,
				656126A022077839008EBBDE /* UIViewControllerExtensions.swift */,
			);
			path = ClassExtensions;
			sourceTree = "<group>";
		};
		65B6FE6A21ED97D30008D506 = {
			isa = PBXGroup;
			children = (
				65B6FE7521ED97D30008D506 /* DesignCode */,
				65B6FE7421ED97D30008D506 /* Products */,
				D6A2F4F2D8B347BD0964228D /* Pods */,
				08E2FF0A067379C498B5CBFD /* Frameworks */,
			);
			sourceTree = "<group>";
		};
		65B6FE7421ED97D30008D506 /* Products */ = {
			isa = PBXGroup;
			children = (
				65B6FE7321ED97D30008D506 /* DesignCode.app */,
			);
			name = Products;
			sourceTree = "<group>";
		};
		65B6FE7521ED97D30008D506 /* DesignCode */ = {
			isa = PBXGroup;
			children = (
				6561269621FE5897008EBBDE /* SeedData */,
				6561269521FE5722008EBBDE /* Views */,
				65BB6ABD2210DB4600BB7D3D /* ViewExtensions */,
				6561269421FE5708008EBBDE /* ControllerExtensions */,
				6561269F2207780B008EBBDE /* ClassExtensions */,
				6561269321FE56E1008EBBDE /* Controllers */,
				6561269121FE56C5008EBBDE /* Constants */,
				65B6FE7621ED97D30008D506 /* AppDelegate.swift */,
				65B6FE7A21ED97D30008D506 /* Main.storyboard */,
				65BB6AB3220F74E100BB7D3D /* LoginViewController.swift */,
				65B6FE7D21ED97D50008D506 /* Assets.xcassets */,
				65B6FE7F21ED97D50008D506 /* LaunchScreen.storyboard */,
				65B6FE8221ED97D50008D506 /* Info.plist */,
			);
			path = DesignCode;
			sourceTree = "<group>";
		};
		65BB6ABD2210DB4600BB7D3D /* ViewExtensions */ = {
			isa = PBXGroup;
			children = (
				65BB6ABE2210DB8600BB7D3D /* ExerciseTableViewCellExtensions.swift */,
			);
			path = ViewExtensions;
			sourceTree = "<group>";
		};
		D6A2F4F2D8B347BD0964228D /* Pods */ = {
			isa = PBXGroup;
			children = (
				AE0D3C6007DCFCDF32FC63AF /* Pods-DesignCode.debug.xcconfig */,
				85A855F412523C0890C70CC0 /* Pods-DesignCode.release.xcconfig */,
			);
			name = Pods;
			sourceTree = "<group>";
		};
/* End PBXGroup section */

/* Begin PBXNativeTarget section */
		65B6FE7221ED97D30008D506 /* DesignCode */ = {
			isa = PBXNativeTarget;
			buildConfigurationList = 65B6FE8521ED97D50008D506 /* Build configuration list for PBXNativeTarget "DesignCode" */;
			buildPhases = (
				FC44F7DC43E4421CD30DC7C6 /* [CP] Check Pods Manifest.lock */,
				65B6FE6F21ED97D30008D506 /* Sources */,
				65B6FE7021ED97D30008D506 /* Frameworks */,
				65B6FE7121ED97D30008D506 /* Resources */,
				4D01935C4B60C0D25EE5489D /* [CP] Embed Pods Frameworks */,
			);
			buildRules = (
			);
			dependencies = (
			);
			name = DesignCode;
			productName = DesignCode;
			productReference = 65B6FE7321ED97D30008D506 /* DesignCode.app */;
			productType = "com.apple.product-type.application";
		};
/* End PBXNativeTarget section */

/* Begin PBXProject section */
		65B6FE6B21ED97D30008D506 /* Project object */ = {
			isa = PBXProject;
			attributes = {
				LastSwiftUpdateCheck = 1010;
				LastUpgradeCheck = 1010;
				ORGANIZATIONNAME = "Chase Klingel";
				TargetAttributes = {
					65B6FE7221ED97D30008D506 = {
						CreatedOnToolsVersion = 10.1;
					};
				};
			};
			buildConfigurationList = 65B6FE6E21ED97D30008D506 /* Build configuration list for PBXProject "DesignCode" */;
			compatibilityVersion = "Xcode 9.3";
			developmentRegion = en;
			hasScannedForEncodings = 0;
			knownRegions = (
				en,
				Base,
			);
			mainGroup = 65B6FE6A21ED97D30008D506;
			productRefGroup = 65B6FE7421ED97D30008D506 /* Products */;
			projectDirPath = "";
			projectRoot = "";
			targets = (
				65B6FE7221ED97D30008D506 /* DesignCode */,
			);
		};
/* End PBXProject section */

/* Begin PBXResourcesBuildPhase section */
		65B6FE7121ED97D30008D506 /* Resources */ = {
			isa = PBXResourcesBuildPhase;
			buildActionMask = 2147483647;
			files = (
				65B6FE8121ED97D50008D506 /* LaunchScreen.storyboard in Resources */,
				65B6FE7E21ED97D50008D506 /* Assets.xcassets in Resources */,
				65B6FE7C21ED97D30008D506 /* Main.storyboard in Resources */,
			);
			runOnlyForDeploymentPostprocessing = 0;
		};
/* End PBXResourcesBuildPhase section */

/* Begin PBXShellScriptBuildPhase section */
		4D01935C4B60C0D25EE5489D /* [CP] Embed Pods Frameworks */ = {
			isa = PBXShellScriptBuildPhase;
			buildActionMask = 2147483647;
			files = (
			);
			inputPaths = (
				"${SRCROOT}/Pods/Target Support Files/Pods-DesignCode/Pods-DesignCode-frameworks.sh",
				"${BUILT_PRODUCTS_DIR}/MKRingProgressView/MKRingProgressView.framework",
				"${BUILT_PRODUCTS_DIR}/Spring/Spring.framework",
				"${BUILT_PRODUCTS_DIR}/TPKeyboardAvoiding/TPKeyboardAvoiding.framework",
			);
			name = "[CP] Embed Pods Frameworks";
			outputPaths = (
				"${TARGET_BUILD_DIR}/${FRAMEWORKS_FOLDER_PATH}/MKRingProgressView.framework",
				"${TARGET_BUILD_DIR}/${FRAMEWORKS_FOLDER_PATH}/Spring.framework",
				"${TARGET_BUILD_DIR}/${FRAMEWORKS_FOLDER_PATH}/TPKeyboardAvoiding.framework",
			);
			runOnlyForDeploymentPostprocessing = 0;
			shellPath = /bin/sh;
			shellScript = "\"${SRCROOT}/Pods/Target Support Files/Pods-DesignCode/Pods-DesignCode-frameworks.sh\"\n";
			showEnvVarsInLog = 0;
		};
		FC44F7DC43E4421CD30DC7C6 /* [CP] Check Pods Manifest.lock */ = {
			isa = PBXShellScriptBuildPhase;
			buildActionMask = 2147483647;
			files = (
			);
			inputPaths = (
				"${PODS_PODFILE_DIR_PATH}/Podfile.lock",
				"${PODS_ROOT}/Manifest.lock",
			);
			name = "[CP] Check Pods Manifest.lock";
			outputPaths = (
				"$(DERIVED_FILE_DIR)/Pods-DesignCode-checkManifestLockResult.txt",
			);
			runOnlyForDeploymentPostprocessing = 0;
			shellPath = /bin/sh;
			shellScript = "diff \"${PODS_PODFILE_DIR_PATH}/Podfile.lock\" \"${PODS_ROOT}/Manifest.lock\" > /dev/null\nif [ $? != 0 ] ; then\n    # print error to STDERR\n    echo \"error: The sandbox is not in sync with the Podfile.lock. Run 'pod install' or update your CocoaPods installation.\" >&2\n    exit 1\nfi\n# This output is used by Xcode 'outputs' to avoid re-running this script phase.\necho \"SUCCESS\" > \"${SCRIPT_OUTPUT_FILE_0}\"\n";
			showEnvVarsInLog = 0;
		};
/* End PBXShellScriptBuildPhase section */

/* Begin PBXSourcesBuildPhase section */
		65B6FE6F21ED97D30008D506 /* Sources */ = {
			isa = PBXSourcesBuildPhase;
			buildActionMask = 2147483647;
			files = (
				656126A122077839008EBBDE /* UIViewControllerExtensions.swift in Sources */,
				65BB6AB2220D5AD200BB7D3D /* UILabel+Inspectable.swift in Sources */,
				6561269E22067291008EBBDE /* MoreViewController.swift in Sources */,
				65BB6AB4220F74E100BB7D3D /* LoginViewController.swift in Sources */,
				6514DB7F21F56FEE00E9925C /* SectionViewController.swift in Sources */,
				6561269021FE55C6008EBBDE /* Constants.swift in Sources */,
				6514DB8321F6BCF600E9925C /* Data.swift in Sources */,
				6514DB8121F5758000E9925C /* HomeViewControllerExtensions.swift in Sources */,
				65B6FE7921ED97D30008D506 /* HomeViewController.swift in Sources */,
				65BB6AB0220D5A2500BB7D3D /* DiscountViewController.swift in Sources */,
				6542AE4021F81E3B008F3E48 /* TestimonialViewController.swift in Sources */,
				65612698220013BA008EBBDE /* BookmarksTableTableViewController.swift in Sources */,
				6514DB8521F6BDC200E9925C /* SectionCollectionViewCell.swift in Sources */,
				6561268E21FE5250008EBBDE /* ChaptersViewControllerExtensions.swift in Sources */,
				6542AE4221F81E77008F3E48 /* TestimonialCollectionViewCell.swift in Sources */,
				65BB6AAE220D2B3000BB7D3D /* InteractionPanToCloseExtensions.swift in Sources */,
				65BB6AB62210B88900BB7D3D /* UILabel+Animate.swift in Sources */,
				65BB6ABC2210D0E500BB7D3D /* ExerciseDialogViewController.swift in Sources */,
				65BB6ABA2210C97500BB7D3D /* ExerciseTableViewController.swift in Sources */,
				656126A322077A90008EBBDE /* PresentSectionViewController.swift in Sources */,
				65B6FE7721ED97D30008D506 /* AppDelegate.swift in Sources */,
				6561269C22066FA8008EBBDE /* WebViewController.swift in Sources */,
				6561268C21FE51D9008EBBDE /* ChaptersViewController.swift in Sources */,
				65BB6ABF2210DB8600BB7D3D /* ExerciseTableViewCellExtensions.swift in Sources */,
				65BB6AB82210C74F00BB7D3D /* ExerciseTableViewCell.swift in Sources */,
				65110C8F220D208B00B3378D /* InteractionPanToClose.swift in Sources */,
				6561269A220019D5008EBBDE /* BookmarkTableViewCell.swift in Sources */,
				65BB6AAC220D268B00BB7D3D /* PurchaseViewController.swift in Sources */,
			);
			runOnlyForDeploymentPostprocessing = 0;
		};
/* End PBXSourcesBuildPhase section */

/* Begin PBXVariantGroup section */
		65B6FE7A21ED97D30008D506 /* Main.storyboard */ = {
			isa = PBXVariantGroup;
			children = (
				65B6FE7B21ED97D30008D506 /* Base */,
			);
			name = Main.storyboard;
			sourceTree = "<group>";
		};
		65B6FE7F21ED97D50008D506 /* LaunchScreen.storyboard */ = {
			isa = PBXVariantGroup;
			children = (
				65B6FE8021ED97D50008D506 /* Base */,
			);
			name = LaunchScreen.storyboard;
			sourceTree = "<group>";
		};
/* End PBXVariantGroup section */

/* Begin XCBuildConfiguration section */
		65B6FE8321ED97D50008D506 /* Debug */ = {
			isa = XCBuildConfiguration;
			buildSettings = {
				ALWAYS_SEARCH_USER_PATHS = NO;
				CLANG_ANALYZER_NONNULL = YES;
				CLANG_ANALYZER_NUMBER_OBJECT_CONVERSION = YES_AGGRESSIVE;
				CLANG_CXX_LANGUAGE_STANDARD = "gnu++14";
				CLANG_CXX_LIBRARY = "libc++";
				CLANG_ENABLE_MODULES = YES;
				CLANG_ENABLE_OBJC_ARC = YES;
				CLANG_ENABLE_OBJC_WEAK = YES;
				CLANG_WARN_BLOCK_CAPTURE_AUTORELEASING = YES;
				CLANG_WARN_BOOL_CONVERSION = YES;
				CLANG_WARN_COMMA = YES;
				CLANG_WARN_CONSTANT_CONVERSION = YES;
				CLANG_WARN_DEPRECATED_OBJC_IMPLEMENTATIONS = YES;
				CLANG_WARN_DIRECT_OBJC_ISA_USAGE = YES_ERROR;
				CLANG_WARN_DOCUMENTATION_COMMENTS = YES;
				CLANG_WARN_EMPTY_BODY = YES;
				CLANG_WARN_ENUM_CONVERSION = YES;
				CLANG_WARN_INFINITE_RECURSION = YES;
				CLANG_WARN_INT_CONVERSION = YES;
				CLANG_WARN_NON_LITERAL_NULL_CONVERSION = YES;
				CLANG_WARN_OBJC_IMPLICIT_RETAIN_SELF = YES;
				CLANG_WARN_OBJC_LITERAL_CONVERSION = YES;
				CLANG_WARN_OBJC_ROOT_CLASS = YES_ERROR;
				CLANG_WARN_RANGE_LOOP_ANALYSIS = YES;
				CLANG_WARN_STRICT_PROTOTYPES = YES;
				CLANG_WARN_SUSPICIOUS_MOVE = YES;
				CLANG_WARN_UNGUARDED_AVAILABILITY = YES_AGGRESSIVE;
				CLANG_WARN_UNREACHABLE_CODE = YES;
				CLANG_WARN__DUPLICATE_METHOD_MATCH = YES;
				CODE_SIGN_IDENTITY = "iPhone Developer";
				COPY_PHASE_STRIP = NO;
				DEBUG_INFORMATION_FORMAT = dwarf;
				ENABLE_STRICT_OBJC_MSGSEND = YES;
				ENABLE_TESTABILITY = YES;
				GCC_C_LANGUAGE_STANDARD = gnu11;
				GCC_DYNAMIC_NO_PIC = NO;
				GCC_NO_COMMON_BLOCKS = YES;
				GCC_OPTIMIZATION_LEVEL = 0;
				GCC_PREPROCESSOR_DEFINITIONS = (
					"DEBUG=1",
					"$(inherited)",
				);
				GCC_WARN_64_TO_32_BIT_CONVERSION = YES;
				GCC_WARN_ABOUT_RETURN_TYPE = YES_ERROR;
				GCC_WARN_UNDECLARED_SELECTOR = YES;
				GCC_WARN_UNINITIALIZED_AUTOS = YES_AGGRESSIVE;
				GCC_WARN_UNUSED_FUNCTION = YES;
				GCC_WARN_UNUSED_VARIABLE = YES;
				IPHONEOS_DEPLOYMENT_TARGET = 12.1;
				MTL_ENABLE_DEBUG_INFO = INCLUDE_SOURCE;
				MTL_FAST_MATH = YES;
				ONLY_ACTIVE_ARCH = YES;
				SDKROOT = iphoneos;
				SWIFT_ACTIVE_COMPILATION_CONDITIONS = DEBUG;
				SWIFT_OPTIMIZATION_LEVEL = "-Onone";
			};
			name = Debug;
		};
		65B6FE8421ED97D50008D506 /* Release */ = {
			isa = XCBuildConfiguration;
			buildSettings = {
				ALWAYS_SEARCH_USER_PATHS = NO;
				CLANG_ANALYZER_NONNULL = YES;
				CLANG_ANALYZER_NUMBER_OBJECT_CONVERSION = YES_AGGRESSIVE;
				CLANG_CXX_LANGUAGE_STANDARD = "gnu++14";
				CLANG_CXX_LIBRARY = "libc++";
				CLANG_ENABLE_MODULES = YES;
				CLANG_ENABLE_OBJC_ARC = YES;
				CLANG_ENABLE_OBJC_WEAK = YES;
				CLANG_WARN_BLOCK_CAPTURE_AUTORELEASING = YES;
				CLANG_WARN_BOOL_CONVERSION = YES;
				CLANG_WARN_COMMA = YES;
				CLANG_WARN_CONSTANT_CONVERSION = YES;
				CLANG_WARN_DEPRECATED_OBJC_IMPLEMENTATIONS = YES;
				CLANG_WARN_DIRECT_OBJC_ISA_USAGE = YES_ERROR;
				CLANG_WARN_DOCUMENTATION_COMMENTS = YES;
				CLANG_WARN_EMPTY_BODY = YES;
				CLANG_WARN_ENUM_CONVERSION = YES;
				CLANG_WARN_INFINITE_RECURSION = YES;
				CLANG_WARN_INT_CONVERSION = YES;
				CLANG_WARN_NON_LITERAL_NULL_CONVERSION = YES;
				CLANG_WARN_OBJC_IMPLICIT_RETAIN_SELF = YES;
				CLANG_WARN_OBJC_LITERAL_CONVERSION = YES;
				CLANG_WARN_OBJC_ROOT_CLASS = YES_ERROR;
				CLANG_WARN_RANGE_LOOP_ANALYSIS = YES;
				CLANG_WARN_STRICT_PROTOTYPES = YES;
				CLANG_WARN_SUSPICIOUS_MOVE = YES;
				CLANG_WARN_UNGUARDED_AVAILABILITY = YES_AGGRESSIVE;
				CLANG_WARN_UNREACHABLE_CODE = YES;
				CLANG_WARN__DUPLICATE_METHOD_MATCH = YES;
				CODE_SIGN_IDENTITY = "iPhone Developer";
				COPY_PHASE_STRIP = NO;
				DEBUG_INFORMATION_FORMAT = "dwarf-with-dsym";
				ENABLE_NS_ASSERTIONS = NO;
				ENABLE_STRICT_OBJC_MSGSEND = YES;
				GCC_C_LANGUAGE_STANDARD = gnu11;
				GCC_NO_COMMON_BLOCKS = YES;
				GCC_WARN_64_TO_32_BIT_CONVERSION = YES;
				GCC_WARN_ABOUT_RETURN_TYPE = YES_ERROR;
				GCC_WARN_UNDECLARED_SELECTOR = YES;
				GCC_WARN_UNINITIALIZED_AUTOS = YES_AGGRESSIVE;
				GCC_WARN_UNUSED_FUNCTION = YES;
				GCC_WARN_UNUSED_VARIABLE = YES;
				IPHONEOS_DEPLOYMENT_TARGET = 12.1;
				MTL_ENABLE_DEBUG_INFO = NO;
				MTL_FAST_MATH = YES;
				SDKROOT = iphoneos;
				SWIFT_COMPILATION_MODE = wholemodule;
				SWIFT_OPTIMIZATION_LEVEL = "-O";
				VALIDATE_PRODUCT = YES;
			};
			name = Release;
		};
		65B6FE8621ED97D50008D506 /* Debug */ = {
			isa = XCBuildConfiguration;
			baseConfigurationReference = AE0D3C6007DCFCDF32FC63AF /* Pods-DesignCode.debug.xcconfig */;
			buildSettings = {
				ASSETCATALOG_COMPILER_APPICON_NAME = AppIcon;
				CODE_SIGN_STYLE = Automatic;
				DEVELOPMENT_TEAM = 6J52TYV6C4;
				INFOPLIST_FILE = DesignCode/Info.plist;
				LD_RUNPATH_SEARCH_PATHS = (
					"$(inherited)",
					"@executable_path/Frameworks",
				);
				PRODUCT_BUNDLE_IDENTIFIER = com.chaseklingel.DesignCode;
				PRODUCT_NAME = "$(TARGET_NAME)";
				SWIFT_VERSION = 4.2;
				TARGETED_DEVICE_FAMILY = "1,2";
			};
			name = Debug;
		};
		65B6FE8721ED97D50008D506 /* Release */ = {
			isa = XCBuildConfiguration;
			baseConfigurationReference = 85A855F412523C0890C70CC0 /* Pods-DesignCode.release.xcconfig */;
			buildSettings = {
				ASSETCATALOG_COMPILER_APPICON_NAME = AppIcon;
				CODE_SIGN_STYLE = Automatic;
				DEVELOPMENT_TEAM = 6J52TYV6C4;
				INFOPLIST_FILE = DesignCode/Info.plist;
				LD_RUNPATH_SEARCH_PATHS = (
					"$(inherited)",
					"@executable_path/Frameworks",
				);
				PRODUCT_BUNDLE_IDENTIFIER = com.chaseklingel.DesignCode;
				PRODUCT_NAME = "$(TARGET_NAME)";
				SWIFT_VERSION = 4.2;
				TARGETED_DEVICE_FAMILY = "1,2";
			};
			name = Release;
		};
/* End XCBuildConfiguration section */

/* Begin XCConfigurationList section */
		65B6FE6E21ED97D30008D506 /* Build configuration list for PBXProject "DesignCode" */ = {
			isa = XCConfigurationList;
			buildConfigurations = (
				65B6FE8321ED97D50008D506 /* Debug */,
				65B6FE8421ED97D50008D506 /* Release */,
			);
			defaultConfigurationIsVisible = 0;
			defaultConfigurationName = Release;
		};
		65B6FE8521ED97D50008D506 /* Build configuration list for PBXNativeTarget "DesignCode" */ = {
			isa = XCConfigurationList;
			buildConfigurations = (
				65B6FE8621ED97D50008D506 /* Debug */,
				65B6FE8721ED97D50008D506 /* Release */,
			);
			defaultConfigurationIsVisible = 0;
			defaultConfigurationName = Release;
		};
/* End XCConfigurationList section */
	};
	rootObject = 65B6FE6B21ED97D30008D506 /* Project object */;
}
